[MetroCUBEvania]
"0.1.1" = "9fd153886c4d658b6945bb525407305794c452ebb21b42d6bd76fb7d366dc082"

[animal_well]
"0.4.2" = "ae06f227477604e6a356154bc8faeb453b4e60c7f17363c5590093db398acf2a"
"0.5.0" = "7cbdf65ae6ca1d5e843f3c6b16baf4d3ec61d11c2d497df8cc3b62245a4919d9"
"0.5.2" = "e07cba44f1715fc1d122484ea0ee8eaec218d04af00dabd4cedcd9dade693f8b"

[anodyne]
"0.1.7" = "35852163f08770fac13e03e7089486689a01d80ca81c1de7726f20bed8f50e99"
"0.1.9" = "28d0599d757a75e2351b32697dede11511e561d3e1c070ba3406cf7863a85c33"

[apeescape]
"0.6.5" = "ebef161d49f3dd5866d65170b34d3353e31e53d616409b220a33f6be63c25958"

[apgo]
"0.5.0" = "54494fb34b7f25169747ecf567cca998d946cb0a5bf626fd342c5fbe897c047e"

[astalon]
"0.17.0" = "b86e7d5e6ee58648b7b3e4cfc1931bb47af8d2e716da113dd23de96cc56bb949"
"0.18.2" = "743f87f44c2be5ce65effb277aa5d691b9f84e73dcefcdfa1b2a4e0a3a17bc12"

[aus]
"1.0.0-beta" = "b8ad181425b59fc83c4cd6525c3b860e2cb554ab45d4f3b887c78d20f686259e"

[autopelago]
"0.7.3" = "eab928d3f7e149c38ab65be7a2825da572079113958a227dd1e9949dc9c716de"
"0.8.0" = "fbb0600a8fff5ebdd82eb7eb01f1b241083e49cded40b63981d1ba10147a2fef"
"0.9.0" = "6978524f935a34f0598e2304094e0559f712c59a3fa9d7bb6b1bfda8cbaaba3a"

[balatro]
"0.1.9-b" = "b29d87a79e6e0cf24edb3dea21b86e771d8240537408418ac758b32207b19583"

[banjo_tooie]
"2.1.4" = "4c140d40860f6d743419bb31b85c9ca9a47771a5331ab1153d72a8041e6c9384"
"3.3.1" = "8224767deff0f7deced3f2c9ab322854a830b7678a4bfbe2cae05699d6d175f6"
"4.1.0" = "3211e5d28eadf461c108023ee54968bc19d397953a9138fe550ef16447a4d6b0"
"4.2.0" = "6946e77d1a31eb6b289eeba6cecc0f46f6af9ec96eaf41e341469e5cff531860"

[brotato]
"0.5.0" = "02d0cf706510f3e9fa2bdb5597d355103208b763b6164654a5fcc4682cf70794"
"0.6.0" = "042ffffd9bebaad49ba9dd3da4fdb60b46b8ec94c5d76bdc13ff9fd32c3dbbe6"
"0.7.1" = "3d9698a32ea3cc15ce739104fabf96955df9b7bcdc4911ae627e82aac022ee9e"
"0.7.2" = "ea59382b3c01b03dec0a8aa7aed2f3894d2ec6cd71494a9d22684b523b4e81e9"

[cave_story]
"0.4.1" = "325bb747691d4d0266298c08746897051d210b79fde3dc4cbf00194b7daa936a"

[cavern_of_dreams]
"1.10.1" = "178cbd7ca90ce18deb775f703de7e324d15afb50e70451a482b198d784454d72"

[celeste]
"0.3.0" = "f02ee50d1bf9b44d710ceacf4d8659a960f9ad08262acd621f50847ffe765b78"
"0.4.0-alpha+unreleased" = "b98495eb4b8b0aa3b3de39f5b11151d54e21e955be63611687cfc179f63854a6"

[checksmate]
"0.2.7" = "7fe71f791e8b455ecafe0646f4fda1bd3def2888e4459dc673fa1876db9e2e50"

[civ6]
"0.5.1" = "29ce8b410fe6cd19e072a25b638999770619d9dffb77e963f7da6fbc0acb6c2f"

[crosscode]
"0.6.3" = "ee8ce3f45585c6f82d0b6e4121a224ec3c034d9af4b63e0487e7d170fb4d2f47"
"0.6.4" = "c0ca8e7bd326a17611ec7b323091dce6c883b99b910a4c71610521c7b67d79b3"
"0.6.5" = "d31138fbb1783def16a0abdbd8e2d6e389e66813b16e3e3e33863a37f7c66045"

[ctjot]
"0.0.1" = "3ed87d43764eca4bdb342c8b1cb60717727f9184991a587761f45fbb685e74ac"

[cvcotm]
"0.4.0" = "e48c80eab05f4dcc360e5b5b15180afa75b24d2544874738e42ee8b0154fee38"

[diddy_kong_racing]
"0.3.1" = "c928b1c54773c8d5c3fa4f58585ca7e388c6761491a12d86bc9f7171a0498a94"

[dkc2]
"2.0.0+patch1" = "daebfae9ffba08246e868cd6d92e08cf6772d31942636449adee47f6a66a7f53"

[doronko_wanko]
"0.3.0" = "6d7447ea7c9076ba1f815abd1c1cbb722aa594ceaca9823b72d9ea822bb7b358"

[dsr]
"0.0.9" = "d929df408a2648548742c38b6d6a4f95cf7b88a438f12db62fbfb4b178387aef"
"0.0.10" = "7b3c9d5657846c75339664097ee3e203514cdffe0c036c742988432fe70d664b"
"0.0.11" = "7b3c9d5657846c75339664097ee3e203514cdffe0c036c742988432fe70d664b"

[earthbound]
"2.4.1" = "12aa8ba9c23ac4bae253441c76e1d9268ae5421e68dec57c21a623c27919ff14"
"3.0.1" = "01381d5069f120ba15e1854bf1f61092bc8a687f8d8a8e47dadcbeb2b018a58f"
"3.0.2-b" = "6a535cf4a4856ae3c1202285ef77a68cb65abe9c727e0e9ef660fcc9e1ac7507"
"3.1.0" = "c72cb44e3775a51017445a78a80da5959654b0171437eef917fbfe471221b80f"
"3.2.0" = "4ef78787d5c54b3197d3571ad5c13a0bb3b7f26c8e2b256aff974e3ff2e739b9"

[enderlilies]
"0.7.0" = "fdb9508c98b5bca7abefa427c31569bcb4225116eddaa3c43eaeca0a1a4c602c"
"0.8.0" = "58271963b8ef318a934a27bec3f11cb34217614e2414a1596dd3a116027b6480"

[factorio_saws]
"0.0.5" = "a520d6a9c6ad0e544df8ded04f397c807e6ec43ccf35a80aaa83d73eb453e685"
"0.0.6" = "f9efd1452e31f5909514137932ff2b5567d80166620f1b4ec5180e3fc715d026"

[fe8]
"0.3.2" = "e1c9b35c2949267367870c64a8cb1a33f614d8f78311028b91944c4a0ba4f2e9"

[ff12_open_world]
"0.4.2" = "20a7b5b200f2948b921e2c5e783130ac6bd079342e4b177f93b3edfcfbd52213"

[ff4fe]
"0.5.0" = "6ff74892c2c7c44eebd479dc08a16b3ad3a08c1e9a18687ba7b7269e70d66963"

[ffps]
"0.0.1" = "13dcfdb12168197308ff3c92f5bf1f0367577725d9296dc0b6de734c089820a9"

[ffta]
"0.6.3" = "c418b9c0d78ded9cda6549a9672b54e1c381dd8dd528c23fea02548dd0989efb"

[ffta2]
"0.0.8" = "2cb44dc9576bc5508a91ace61d6b123ce512054c4968d8e20f8e4e1b6c3662da"
"0.0.9" = "070365af8ae48f77d1dd6506cc0bef9b425a5ff25998092b9963127379294c61"

[ffxiitm]
"0.0.9" = "1a8cc2ffbc20f8957a8e3f004266815a41dfa2c9a0cce7e9d71104fd42b77b2f"

[ffxiv]
"0.19.2" = "8548e0a0de702a2404b63f6f20961fcad8d3da74a6d0e530890034a1b01e1ca6"
"0.21.0" = "fc698ebc8f5a66538588b9aa63fde9c5cb0f135157bb53583edef4c585ba4c41"
"0.21.1" = "f22761e333aff80b2d759496dd8ef7efa03916c7589118f6d0073f49142e640c"
"0.21.2" = "f6bd5b8e13846395443313753d33588fdada87570fea77cdefe1e2730fcb48b8"

[fm]
"2.1.1" = "7581be15a6281b23db79ff1a54db034c1ddb7e2568b1d3898756e98ee41e8cf6"

[fnafw]
"0.0.3" = "83acad43401cf4abc31eceaff657f8f7ef6651de7fb31bda9e17e84d8b0176f2"

[gstla]
"0.1.1-alpha" = "d5b7efa244c177c568df5780be608968e312c1443bf487b778c5a6c18eaa7ba9"

[hades]
"0.12.3" = "255b298c736e048fb1e08f52b17ba1d09038f7939701ebe5ea5cef54d960aed7"
"0.13.0" = "e5fc93235d26469d0f6cf02869e39e2faa44a6eb56d9936e2740e5654a4ad505"
"0.13.1" = "24a96a04a8e187d79c4ce7e6a264045b96ddf97935459a57132ea7e00ec778af"

[inscryption]
"0.3.1" = "adacabc503961099b148f63611da0e910668581dce04c4ca3f2176f125b6c0da"

[into_the_breach]
"0.15.1" = "bf08a4f4e61327106d93280a54f420f087267e624dd5f5670163415764c859ef"

[ittle_dew_2]
"0.2.1+region-gates" = "a581bab68d122a6810dbb7e77901055fccc2b1850326f4af9d39f96ea2dc49fb"

[jakanddaxter]
"0.4.0" = "21baff9fe25992d97e15d887dbf5eae4045b7f72d244e06e1d8577d38fee5c50"
"0.4.1" = "9a3de8b665556e4172a6a8c15a4dd4368bc125bc8e67b8bdccedf1fb1e9f6cbd"
"0.5.1" = "cd0108b460b3a29c6bc41222f2ddfab7cc624927d497688c9fb5cf3451d6f62d"

[jigsaw]
"0.0.4" = "988000aa1f5012408fa2e7fbb2a8a5faecaa5c2ff3b5627db3618e2fefe76c7b"
"0.1.0" = "94e28c96e35ee57f97c9d0b856e6811d8217dbbb839b60b8eb39f9bc8beeacbb"

[k64]
"0.1.3" = "b4946ab5bb367745214c788d6d06d43b3a4b02854a780ea5a7f51b89f9f06753"

[keymasters_keep]
"0.0.7" = "4cc24fea32b74983cbb311497b9c8a2810f5265d0be995e4a52710f32de1f3a7"

[khbbs]
"0.1.2" = "c19373a261df66cb4e304070a56450dfe1d6c4f74b5dc3f27cf12c9967b73d83"

[khcom]
"1.0.0" = "c9631cccbb526b9db335e308b1275f1ccea24a88e883ccf948d99396643f6c7f"

[khrecom]
"1.4.1" = "de91d41d73f3123c3fe8f06b8dc28953f31caf721c2b8d606eb90f3350aa540b"

[ktane]
"0.1.3-a" = "20e23d7448be5a016155ce63ec5d2bed95f34bb824a530c6c95d4c3dad0317a3"

[ladx_beta]
"0.5.2+beta-10.2" = "13885df85a2263e2eddd4094170523ff4e8e7ef2657604828ec29e1b4d48b2fa"
"0.5.2+beta-11.0" = "0a91e2b1f76faa0d95fa8deda8615e8afd6abf59f5c1290628020c423de7a997"

[lethal_company]
"0.6.9-beta" = "91aa53279b56ea25eb0d1d967075811e473d411931ba31ccecdcd4a7d2ae44b3"
"0.6.13-beta" = "a4e35bb818836eb99059db8641f423b3adc1e3445f7215f011bdb38bdab2ce80"

[lil_gator_game]
"1.0.1" = "6e1250a5915ac1f8a0530e0adcd5d44e8c8dd7fef307ef4db06dd25e3426fb3b"

[manual_EuroTruckSim2_bdi]
"0.0.3" = "bdb473c957f79a5f2b9991e323057f0f2b49348677e4908844c207224fb0fc74"

[manual_PLA_miro]
"1.1.1" = "3e97b67a0a0111b7fc445e7fbe3b193038ef1c7562451e2010a447ce75852abd"

[manual_betrayal_axxroy]
"0.0.2" = "324baa6a67fd10404f6ebd0eeff44eff7d2817b71048d11ced2bfe9c42631128"

[manual_crashteamracingnitrofueled_hallstead]
"4.1.0" = "ccd30e9769e6aeb632c61227dbcc0642ebf2215ca39ac52d55638a4d65f76671"
"4.5.1" = "adafe7e2e2c4b3d8d37dee21bd3a94e75459699754ed271f387392517e767324"

[manual_deadbydaylight-killer-c34_nivomi]
"0.0.5" = "3c55d15caf6ad6a1c48779814b9bf7f9ecef8abaaabef9ae1e3e0a7c164983f0"

[manual_diddykongracing_decoytroy]
"0.0.1" = "a1ae9a26d2fadd6bc8d94f7e25f60fe9679e969b12025260082f1b32e9a107fd"

[manual_donaldduckquackattack_1313e]
"0.0.2" = "b5e2f8342d6866e2e73ed0280b71cc94e2d46c40adc68e1162f2eb6e92c64046"

[manual_ets2_dopin]
"0.1.0" = "1a83ff1facfbed399ac16ddeee0e2afda82449946ccac9b486bbf9d711bad8ee"
"0.1.1" = "a56d89d6fb41eff08d874763f8128c217b305cbcf4cc003f20fbaee1510052ba"
"1.0.0" = "33c2a9c32e9cddb2437613f5a597dd3d547d6d731c75ea875a236e0abc35d72f"

[manual_ffdissidia_silasary]
"0.0.3" = "0834dac93007298b6af3f300195f59ead483f0cdbc7b67d315fd4fdfc42cde3e"

[manual_ffxivpotd_goomboss]
"0.0.1-dopin" = "79d47581e7ee06a2d929671463d61c40efbc6a04579e44fb9887aebe53d461d0"

[manual_jumpultimatestars_pizzaking405]
"3.5.0" = "740c1271d7985b989b63db63329ee56946ba389f1df6273831c6923ef4cd6e7c"

[manual_mariokartds_xanderoni]
"0.0.2" = "473940c6b72d6946779772650f69c4879e70aefe834649c97a113c1e7d3ecdbc"

[manual_mariopartyseries_rhythm]
"1.0.2" = "c27fa8adc699916ae38ef76b6f1ac5d30b9fc9ab13ec777d0d08181bf2258ead"

[manual_mkwii_magnetico]
"0.0.1+magnetico" = "731b011dd0c6efbcb01851fd8d4653c1a06dd7ae5828aa596e4bb7ac927e80f6"

[manual_monsterhunterworld_panic]
"0.0.2" = "4030433caf12c318ece252fc0771fa713d37957c07e55fdbb3054312a48e512b"

[manual_newsupermariobroswii_zuils]
"0.0.1" = "a53dec92cead6ad890c751c2efeca872135cdf7b6d14fbb2d50e20fa3f0930b3"

[manual_nightmarekart_lolz]
"0.0.1" = "5f388c76c20562e1a3187d4b49c690e234fb11d6d10d4651c7641f12d694a5be"

[manual_peggledeluxe_freezinater]
"0.0.8" = "5ac77c6f3515bc94ac0199c84af80d51ee70b49b927ccf68fd3bf62ef6aa8f43"

[manual_pizzatower_steph]
"0.0.4" = "31deb36c5276045127a0b8b693b57c86088f86216d2f77555a1379fa4747f2d8"

[manual_pokemonplatinum_linneus]
"2.1.0" = "3e005fae863119b4e4074d864d926e0ca9c297d90f01f3c125a7f8ef5356a1ed"
"2.2.1" = "a0b6947cace88c27d6adbda6389c8f53ca2336bc3e7ea24b1a10f7f7b77c2d7b"

[manual_pokemonsnap_alirobotnik]
"1.3.1" = "a04ac31c69c100ad2b3bbae30b29ddd8ea5f70535f908ce869c16c3becb809e1"

[manual_powerwashsimulator_hallojasper]
"0.1.7" = "c486bd01c1708ea0fc68ef4698e65be40871ba425e9563cfe84adf22b3aebcac"
"0.1.8" = "bcf7b859183c060804e013db08e1d583004657f3bf68c173ac182b1921699f63"

[manual_residentevil4_vincentssin]
"1.1.0" = "c9dfd65359940f3598677f299f66188446ab38b103647c907bf4e12956d00d46"

[manual_rhythmdoctor_crimsondestroyer]
"0.0.1" = "e318b20cf34dc653d6c11e900bf036e3e2c5f2e11c41957dd0737861b6cfbf60"

[manual_slimerancher_axxroy]
"0.1.1" = "7187866d4c3f2cb0f2f854e03f911b80ae08242dc9ecf6e84752b6fab873303f"

[manual_smo_mp3]
"2.2.2" = "24d2c618fbc3df609f696c137f4db2af399072e2aa24e6952e36d0c81a1982a9"

[manual_stray_arnold0]
"0.0.2" = "6823973610228f7245705e9cf00cab5d479cd8b00924af429d88ace0faad8a69"

[manual_tmnf_dopin]
"0.0.1" = "391f726448619aa1882bff5528e6b693fbdfde41d7ad216dc30818d45bea8f52"

[manual_ultimatemarvelvscapcom3_manualteam]
"0.0.0+20241119" = "97f54af5e3a1ba9a1f89d3ee1b4de85f91e8a9d8ab942fbf10a29d2e4a9f3b3d"

[manual_worldofwarcraftdungeons_chakraa]
"2025.2.13" = "04a37b652c28a8001f24f35b66f54350051d84e0cabd68d29a5686e48ae4f766"

[manual_xchallengemegamanxlegacycollections_pizzaking405]
"0.0.1" = "ffa87ecf9d6da926945b230d3973ab1dd376f47ab365d884ed03885cd99d8d28"

[marioland2]
"0.0.1" = "25df859fed98d595de76b7df2ebf53d6b94d2e1264a1db8bdb1cad14808dc93c"

[megamix]
"1.0.6-beta" = "594aa395d6cce3f83d641b5c1346de3c56fa88a8efc8000398f3a1ad1ac80081"
"1.1.4-beta-unofficial" = "a298547814ce8532be4efc97d4e28215209018406122b8e60f9168584e06cbab"

[metroidprime]
"0.4.5" = "ebdb925fa2a843c75b7eb630f8724453f575e9e0da425637e7230822afe32f44"
"0.4.8" = "f6845b7237431169988c0d1794896fb9a6a4833c971f31d97a3a687ecd6eeedb"

[minit]
"0.6.4" = "ab182f0f1ed91356368f03792090f8face00161a80f41cf337a0a817ce0dfe63"

[mmx]
"1.4.0" = "c431b44732d38c9f713a0aa7f6e5bed9369ea5e1ac16e58e70b277e0b9d5f986"

[mmx3]
"1.2.1" = "03970084642bdbfa8348768ea9c84aa1fa36e863282a4b557067503bd898f49e"
"1.4.0" = "22dd531ba5264d4ec27e0de6c831ae5fb31424763d8bc3621c4b1d848729fd6b"

[mzm]
"0.1.2" = "9bd2e017ecab52d373196161033be8287c58af9ffef9520c9c7ffabb22d703cb"
"0.2.0" = "8c8a494d17b569f76100f5f4e95a200fed71eb5bc787493b669742aa2da5c71d"

[no100f]
"0.3.1-unofficial" = "074b2a1b91fa9100fba8978cff794f7cc445016729eac093c623269909cf7f35"

[openrct2]
"0.1.13-beta" = "aafba6482130787396ee01a5ebe8ac44508953514e69ffdb2ca41d9a14c6fdee"

[oribf]
"0.2.0-alpha" = "3bb6c4b3ea43379ebeb2f0b06af20c1a6d377a450cac0bac6674450989008622"
"0.3.0-alpha" = "8b82d365d3d9c3830282f9591596a237a4802fbee0b8024cc999aafbb419da96"
"0.3.2-alpha" = "0919356ac2b6914d47def5beb870d02f83163c122e26fbd277aa36905c319aeb"

[osu]
"1.1.1-beta" = "928d4aee987a62b3f69db156e04ded92800002f87b9f9b27dbff5cca1a6a2e62"
"1.2.0-beta" = "26710280b84a9b22bbbba6984d5ebdcc074bdffe1a193af35d403d1e3163a9db"

[outer_wilds]
"0.3.6" = "fe4ddd06e41620ea22c478986f4b3e3b79d105543f89f0bde8267b7afae7a161"
"0.3.9" = "f4bfa8912de10ede9cdc9dcb7443a494b979785eeac4afa075bfcd092d1f9af7"
"0.3.11" = "54a04a6de2a83d980acf0486c85a395488c023076b0ffb18a8bf6b250c79addc"

[papermario]
"0.4.1" = "199714d1623a161ff5b7b1b9c74e6ce682c599eef4861c01610b9a765accedb1"
"0.4.2" = "8356a4e60060767aff479feedfea5ee1e2ca5e9cfb75b6aa759a0a86959d1dfe"
"0.4.4" = "c0fd139a1d11b170997d011695bd009f71b6cd9403b83b2ffdeeee8283fc5432"
"0.5.0+hotfix1" = "c4745513c65a1fc4a8c9847948a476906ac1b458cd9db2a1c13d158b4e16ecec"

[pokemon_crystal]
"2.1.0" = "1e150493b32dc622b1defd9c5a2b1592cf9f6c35386b9d1aaeba980c3010fc6d"
"2.1.1" = "707db847e5ea961b46ac3c622afffaecf6c6bd0b62b9e18feaf627c083c88fc8"
"2.1.2" = "c0faf235919e62fb3c252dd07e49800648d89eb3ea1882b6c2e3ae6d41cd4cbf"

[pokemon_frlg]
"0.7.3-beta" = "cd541ecb176c6a92e9f08e88e762815823b81715e09b9d1458838f72b2f1c41b"
"0.8.1" = "dbaf25e2693ac7f8ea1c32cde714a00889eb5dd3ad9c9a2fdddab25311b1890f"
"0.8.2" = "3aef2321db2d19f68529bb0c8303844c21a3f03723007af6e4d4892d18086b2d"
"0.8.3-hotfix" = "baae0357ffcbad47452121aea7806b587777f0371eaa7ce32c75048ee675a8b3"
"0.8.4-hotfix2" = "44a8973fc245490f3fe0c28406949be4ec18735c8a72b27ac9864eed15dad09a"
"0.8.5" = "4588ce383f78ba9fc329e6df33f3ab3e24ca1e750d2797737d25a6172b32ca09"

[pseudoregalia]
"0.7.3" = "88bea1680974aa4f7f2b384190c56647dd30140b58a615a5158de1eff2707248"

[psychonauts]
"0.7.0" = "4e4a129f54fd915f3aeb32ac37efb22b0d0500cb9789cdcbd318c84d68f72259"

[rac2]
"0.4.2" = "a2c450770323d36b64982165342ec5c8ad7b95feb3e5765b6ca0118ee4429255"
"0.5.0" = "6e3342e3b40b679e274f88e7abdfcb0e17b2049bec78e74c674143aaf3a562c1"
"0.5.1" = "e4cd6278a4e6fce8efed60a773d6b7e83eaf51ea1539e2b276f1c7e6649b36b9"

[residentevil2remake]
"0.2.5" = "31afd823f975decdab8c5f51edc1c06039c9cdd218d91765357c2b2a19a7b1e0"

[reventure]
"0.14.2" = "aae5522162c0a24b90b3814ff7cc4055b5dc8f1873aaa97566d0201a6ae5ad02"

[ror1]
"0.4.6" = "0a96f6efb7c3417e3303e240b4e41f4cfeaa697ec400125b031ad6c227f023ca"

[sadx]
"0.8.7-b" = "b82df80c13c3a4ae450cfe82b70759695ec1939526b849f39ccf05af1e7993ff"
"0.8.8" = "a753cb6bb8cf7c5f1356eae632aae2df20adce3502752f8bcee8a7c237c7ab90"
"1.0.0" = "9350918d11a2af548127716319cb5a5632ada88ee4db5a70ea877a0e13b39187"
"1.0.1" = "51fbf5ec8e3060b7774c39e81058371c4b4258280493abd143f708238e2e24b1"
"1.1.0" = "8f0d4afc4f41fa54d7887ede4e4af46ee0789ee260ec4aeffdd0497d7058faaa"

[sgtpuzzles]
"0.1.1-prealpha" = "7c71eceed46df04701c5cd8ef91fc0a6f2b81a839aa5bd7e6b6f20a10a090a05"
"0.1.5-prealpha" = "ca3427aefc94cb1f033b04680bb85985a308596fcf135acc66a54417b6cfe786"

[shadow_the_hedgehog]
"0.0.8" = "a5d9ce0a8db01d7bd1d0e47f45c65e60c10ce96390de87fd1eba06fb506c96cd"
"0.0.9" = "eab3120e25d8d542ae9a75737f95e5928b291f9b69a7e7a0c0db8612ae2ee603"

[shapez]
"0.5.3" = "57bf81347b63b3543fa2c86381f2d11130c649c657396c1a9c83291fd49e7e3e"
"0.5.13" = "727193bb0e51f656a3fcaa667f29256e596253ee6ddc4daa5958a9141a577646"
"0.6.2" = "e15aab19cad75359f0967ddb378fae6e0ec03ae099fc159b8d3f88732a41174d"

[sly1]
"0.1.5-alpha" = "c21b0c079845abe60b2e681f8d26b72c43ee1fcce58e0460e38b04aa38af433b"
"0.2.2-alpha" = "da0e67c4cbdc91a43033f0e54084fe5ea591b17812ec6d5a5aa3f2b054a2d2a4"
"0.2.4-alpha" = "bf9dbf2f91a7dcfaefc98a6da8128f03ef781f9f1a5908e77a3885ef880d368e"

[sonicriders]
"0.1.2" = "372293063cf887c4f10e57aaf22427b79a19b6e4e7c1bb927a1ec5b561fef680"
"0.2.1" = "cd9cb5ad00f0afe8e4e4c73ffcb1303622052ccac342bf0ad94f6df3e6776ac1"

[sotn]
"0.75.3-beta" = "8e76568b3a11d4d0c898392fef7e0a6157ae8dedba1418ac09e5590c5b76ebff"

[spelunky2]
"0.1.0" = "a58d40059265e050c46ea8ba09b73f2f9c2061dd0952c6c74df9f693be1c57e6"

[superjunkoid]
"0.0.3" = "5b7b76cefd5da5a917213d2c4eba21b95efbafcc11c85a23951c7849b80481b4"

[swr]
"0.6.2" = "48597160b3d9a6d55190f90edf07ccd501610fa4b294e83ffde2bfcf54157530"

[tboir]
"0.0.11" = "17c0be7f400b6842cd8843350930c362b6048ea6a7e41e32a939d250577677df"

[terraria]
"0.5.0+beta" = "9ac6d15f64fc1eee6b68cddcd58d465ae061b968b79e181ba4f1bb9b7e1ce20a"

[tje]
"0.1.4-a" = "756bcbc69a8ee1d484d852d71d1632cae08f6a7b84b4e784a272b3a0ba0e2c65"
"0.2.4-c" = "c2a78f136eeb650673f0093dc470761446e46f1ec096a310c7a2a9df362f2ee9"
"0.3.1" = "ae2b0548223a0f7eb7588fd81e936710a8f40ae88b7b27d7ddcca07c69ddcf2b"

[tloz_ooa]
"0.2.5+ishigh" = "b049eceb9ad8d3b5226cd00734864979e33976b4dc4fbf8925da311d24102db0"
"0.3.2" = "c9bb597a25f04c3cbee31d5f90ac0452312efc87c11d470cdd0dcb53e9d9e486"

[tloz_oos]
"7.2.2+ishigh-2" = "762e4a7eea4bbc93925c03f63ba2772886ecf99b6aec2e7313ddbfdf4689f6d1"
"8.0.0" = "c9edf057d5938a2f4b6ae2c17d3f92cdb19efe35d6560c8ede7262c29a8b88e1"

[tunic]
"4.0.3" = "e8b6581aaa0e7228b46c73a86f344ff9801c9741f0f5b8203a415aa92006a0b4"
"4.1.1" = "134d3047e8c9e44ccacbe030f8f2d8b751566b2bb58c126b2ac206f01e629826"

[tww]
"2.5.2" = "4370532316da72d39b2a2d71654b63298ec37edd28d934bf18eb2b68f69231e0"
"2.6.1" = "862ed186ce76946e29d98403ddea3ecd2a58e1d5068f51361fd459ace6f02bf1"

[ty_the_tasmanian_tiger]
"1.1.2" = "731b788abd11480def659c2ab433ebea0abf233460290c374005b5a8494b2257"
"1.1.4" = "2fef18f47c1a8bbee838f0ccf6c27115ee85f9ec2105f00bfcefb9da9c5aefbe"

[tyrian]
"0.80.2" = "2a1c9c9326bccfe04d4f92e58d6bfd3edee232afc249be1919bdb6adc1f659b6"

[ultrakill]
"2.2.2" = "274443b12c6377c9d431643c0e0440c979d5aac2f6ef00a0ef5ac1316710b1d6"
"3.0.1" = "8ee2a3a1f60d1a64e2e39f33971828754f76b9f9f9b3e8bb55aa2862410d55f3"

[undertale]
"2.0.0+beta" = "95d2328fb8ef7de165c5cd1fea63a4d45ba069d143ffa42a8f6f5cbcc0bbb421"

[voidstranger]
"0.8.0" = "77a8c8cea33113762ae6e5f5cc53b9b610ccfddf5830977a510cbc3f135f626c"

[wl]
"1.2.5" = "1e1a3de27fdff19e390f0fda5ea968a4802737dc77a881147888556ae3f183d0"

[wl4]
"3.0.0" = "eee586502d0505663e8ef7c66a90a682879fd32bec774bc77d9ba10ec57f5507"

[yachtdice]
"2.2.2-testing" = "46802b787e9dafa6d9226577e91ebd57d387581838eee35938947ad7381c516c"

[yoku]
"0.0.2" = "7ff72ad37100c2da6001a9829d25d03e12d37d2d281b609738735e9b11982298"

[yugioh06]
"0.5.2-beta" = "cf0c33156f14a51bd226fc464ac37dfce850ba0b2441cc0026c8792e9f8367e6"
"0.5.2-beta2.4" = "3ad94f593581e62c6b6dd8d37338065f0fc6f11a0070e1245ddceb323553749e"

[zelda2]
"1.0.0" = "1a9f5c72ef3ed01c8b8a58954f7bdcf643e483d67e76e6132a6a241e067b744a"
