[animal_well]
"0.4.2" = "ae06f227477604e6a356154bc8faeb453b4e60c7f17363c5590093db398acf2a"

[anodyne]
"0.1.7" = "35852163f08770fac13e03e7089486689a01d80ca81c1de7726f20bed8f50e99"

[astalon]
"0.17.0" = "b86e7d5e6ee58648b7b3e4cfc1931bb47af8d2e716da113dd23de96cc56bb949"
"0.18.2" = "743f87f44c2be5ce65effb277aa5d691b9f84e73dcefcdfa1b2a4e0a3a17bc12"

[aus]
"1.0.0-beta" = "b8ad181425b59fc83c4cd6525c3b860e2cb554ab45d4f3b887c78d20f686259e"

[balatro]
"0.1.9-b" = "d1b41595f8f0d96ba1df2bb539cad1ad1a6218e49a3b0b5596ac05add1f64cf4"

[banjo_tooie]
"2.1.4" = "4c140d40860f6d743419bb31b85c9ca9a47771a5331ab1153d72a8041e6c9384"
"3.3.1" = "8224767deff0f7deced3f2c9ab322854a830b7678a4bfbe2cae05699d6d175f6"

[bloonstd6]
"0.2.3" = "7ef893176c48c84dc3a958cab629d72add368b7f6538b1c6f8255911e02ec32e"
"0.3.3" = "b0c24c908c7a87ab52aba62279ce6cd12aaf9596a33ecc0c01f6aeef2961b9e9"

[brotato]
"0.3.0" = "697397d8e9c4a7eb5fe55a4214e28cdbd7836ffa90b034787ea99e59174877c5"
"0.5.0" = "02d0cf706510f3e9fa2bdb5597d355103208b763b6164654a5fcc4682cf70794"

[cave_story]
"0.4.1" = "325bb747691d4d0266298c08746897051d210b79fde3dc4cbf00194b7daa936a"

[celeste]
"0.3.0" = "f02ee50d1bf9b44d710ceacf4d8659a960f9ad08262acd621f50847ffe765b78"
"0.4.0-alpha+unreleased" = "b98495eb4b8b0aa3b3de39f5b11151d54e21e955be63611687cfc179f63854a6"

[checksmate]
"0.2.7" = "7fe71f791e8b455ecafe0646f4fda1bd3def2888e4459dc673fa1876db9e2e50"

[civ6]
"0.5.1" = "29ce8b410fe6cd19e072a25b638999770619d9dffb77e963f7da6fbc0acb6c2f"

[crosscode]
"0.6.1" = "19e35fc1b9d5047dac695022bd60ea033be13638cdc5a9c5e70f8d14bc3393ac"

[ctjot]
"0.0.1" = "3ed87d43764eca4bdb342c8b1cb60717727f9184991a587761f45fbb685e74ac"

[cvcotm]
"0.4.0" = "e48c80eab05f4dcc360e5b5b15180afa75b24d2544874738e42ee8b0154fee38"

[diddy_kong_racing]
"0.3.1" = "c928b1c54773c8d5c3fa4f58585ca7e388c6761491a12d86bc9f7171a0498a94"

[dome_keeper]
"0.7.1" = "ab9c0dabde596a64dc337ab5c2d91a543a852ec714a0dd79ea1c5e03abc22ff0"

[duke3d]
"0.0.5" = "43fc62d9c376b08c9aa88569d39fb0eb1e713bb902b00ea88b05259afe9b5e4c"

[earthbound]
"2.1.0" = "7315d5049c740e5c4072f6c4c8be1b149f2eaec34ecbf79267a7c0196a088e6d"
"2.3.1" = "f93320e9220a032f50ae891fdc5710e3f8a97afe1b193760a7a6dcec7d3711e2"
"2.4.1" = "12aa8ba9c23ac4bae253441c76e1d9268ae5421e68dec57c21a623c27919ff14"

[enderlilies]
"0.7.0" = "fdb9508c98b5bca7abefa427c31569bcb4225116eddaa3c43eaeca0a1a4c602c"

[fe8]
"0.3.2" = "e1c9b35c2949267367870c64a8cb1a33f614d8f78311028b91944c4a0ba4f2e9"

[ffps]
"0.0.1" = "13dcfdb12168197308ff3c92f5bf1f0367577725d9296dc0b6de734c089820a9"

[ffta]
"0.6.3" = "c418b9c0d78ded9cda6549a9672b54e1c381dd8dd528c23fea02548dd0989efb"

[fm]
"2.1.1" = "7581be15a6281b23db79ff1a54db034c1ddb7e2568b1d3898756e98ee41e8cf6"

[fnafw]
"0.0.1" = "40dd1fc7e887ab377f0e8e0e6f148c7554a99e9a030e2623f1590dafb31cdedc"

[hades]
"0.12.3" = "255b298c736e048fb1e08f52b17ba1d09038f7939701ebe5ea5cef54d960aed7"
"0.13.0-alpha+logic-fixes" = "6eec953ca02a44b9c86a2175db12967cc44b051b59bfcaf6ebfc83f55bd7b0c7"
"0.13.0-alpha3" = "6676c20efb0a1f819c01b48736145a7ad27ed95010c871979d3ecbf023ba5f97"

[inscryption]
"0.3.1" = "adacabc503961099b148f63611da0e910668581dce04c4ca3f2176f125b6c0da"

[into_the_breach]
"0.15.1" = "bf08a4f4e61327106d93280a54f420f087267e624dd5f5670163415764c859ef"

[ittle_dew_2]
"0.2.1+region-gates" = "a581bab68d122a6810dbb7e77901055fccc2b1850326f4af9d39f96ea2dc49fb"

[jakanddaxter]
"0.4.0" = "21baff9fe25992d97e15d887dbf5eae4045b7f72d244e06e1d8577d38fee5c50"
"0.4.1" = "9a3de8b665556e4172a6a8c15a4dd4368bc125bc8e67b8bdccedf1fb1e9f6cbd"

[k64]
"0.1.3" = "b4946ab5bb367745214c788d6d06d43b3a4b02854a780ea5a7f51b89f9f06753"

[khbbs]
"0.1.2" = "c19373a261df66cb4e304070a56450dfe1d6c4f74b5dc3f27cf12c9967b73d83"

[khcom]
"1.0.0" = "c9631cccbb526b9db335e308b1275f1ccea24a88e883ccf948d99396643f6c7f"

[khdays]
"0.0.1" = "da8f3ca611358c49603751b0268a4d53128781c8eaa43a3384789346c7f7ead3"

[khrecom]
"1.4.1" = "de91d41d73f3123c3fe8f06b8dc28953f31caf721c2b8d606eb90f3350aa540b"

[ktane]
"0.1.3-a" = "20e23d7448be5a016155ce63ec5d2bed95f34bb824a530c6c95d4c3dad0317a3"

[lethal_company]
"0.6.9-beta" = "91aa53279b56ea25eb0d1d967075811e473d411931ba31ccecdcd4a7d2ae44b3"
"0.6.13-beta" = "a4e35bb818836eb99059db8641f423b3adc1e3445f7215f011bdb38bdab2ce80"

[lil_gator_game]
"1.0.1" = "6e1250a5915ac1f8a0530e0adcd5d44e8c8dd7fef307ef4db06dd25e3426fb3b"

[manual_EuroTruckSim2_bdi]
"0.0.3" = "bdb473c957f79a5f2b9991e323057f0f2b49348677e4908844c207224fb0fc74"

[manual_PLA_miro]
"1.1.1" = "3e97b67a0a0111b7fc445e7fbe3b193038ef1c7562451e2010a447ce75852abd"

[manual_crashteamracingnitrofueled_hallstead]
"4.1.0" = "ccd30e9769e6aeb632c61227dbcc0642ebf2215ca39ac52d55638a4d65f76671"
"4.5.1" = "adafe7e2e2c4b3d8d37dee21bd3a94e75459699754ed271f387392517e767324"

[manual_diddykongracing_decoytroy]
"0.0.1" = "a1ae9a26d2fadd6bc8d94f7e25f60fe9679e969b12025260082f1b32e9a107fd"

[manual_eurotrucksim2dlc_dopin]
"0.0.3" = "288370ae79caf9d5b2c2c4cde10e001ff729b8dc78b1224ebbb3d3f20a2c3611"

[manual_mariopartyseries_rhythm]
"1.0.2" = "c27fa8adc699916ae38ef76b6f1ac5d30b9fc9ab13ec777d0d08181bf2258ead"

[manual_mkwii_magnetico]
"0.0.1+magnetico" = "731b011dd0c6efbcb01851fd8d4653c1a06dd7ae5828aa596e4bb7ac927e80f6"

[manual_peggledeluxe_freezinater]
"0.0.8" = "5ac77c6f3515bc94ac0199c84af80d51ee70b49b927ccf68fd3bf62ef6aa8f43"

[manual_pizzatower_steph]
"0.0.4" = "31deb36c5276045127a0b8b693b57c86088f86216d2f77555a1379fa4747f2d8"

[manual_pokemonsnap_alirobotnik]
"1.3.1" = "a04ac31c69c100ad2b3bbae30b29ddd8ea5f70535f908ce869c16c3becb809e1"

[manual_powerwashsimulator_hallojasper]
"0.0.5" = "020cda833895152e3f9495385fbdb1b8f0bb57d41776c06f86410df4a1e2a921"
"0.1.6" = "c3eabe2521fab0d7147f86971c0733bc07b4c02956359889f1311968d69aabd9"
"0.1.7" = "c486bd01c1708ea0fc68ef4698e65be40871ba425e9563cfe84adf22b3aebcac"

[manual_rhythmdoctor_crimsondestroyer]
"0.0.1" = "e318b20cf34dc653d6c11e900bf036e3e2c5f2e11c41957dd0737861b6cfbf60"

[manual_smo_mp3]
"2.2.2" = "24d2c618fbc3df609f696c137f4db2af399072e2aa24e6952e36d0c81a1982a9"

[manual_stray_arnold0]
"0.0.2" = "6823973610228f7245705e9cf00cab5d479cd8b00924af429d88ace0faad8a69"

[manual_xchallengemegamanxlegacycollections_pizzaking405]
"0.0.1" = "ffa87ecf9d6da926945b230d3973ab1dd376f47ab365d884ed03885cd99d8d28"

[megamix]
"1.0.6-beta" = "594aa395d6cce3f83d641b5c1346de3c56fa88a8efc8000398f3a1ad1ac80081"
"1.1.4-beta" = "a298547814ce8532be4efc97d4e28215209018406122b8e60f9168584e06cbab"

[metroidprime]
"0.3.3" = "5916bdcd877af808cbd205a190388fb4e7632cb23236db160375e3112314f05c"
"0.4.5" = "ebdb925fa2a843c75b7eb630f8724453f575e9e0da425637e7230822afe32f44"

[minit]
"0.6.4" = "ab182f0f1ed91356368f03792090f8face00161a80f41cf337a0a817ce0dfe63"

[mmx]
"1.4.0" = "c431b44732d38c9f713a0aa7f6e5bed9369ea5e1ac16e58e70b277e0b9d5f986"

[mmx3]
"1.2.1" = "03970084642bdbfa8348768ea9c84aa1fa36e863282a4b557067503bd898f49e"

[mzm]
"0.1.2" = "9bd2e017ecab52d373196161033be8287c58af9ffef9520c9c7ffabb22d703cb"
"0.2.0" = "8c8a494d17b569f76100f5f4e95a200fed71eb5bc787493b669742aa2da5c71d"

[openrct2]
"0.1.13-beta" = "aafba6482130787396ee01a5ebe8ac44508953514e69ffdb2ca41d9a14c6fdee"

[oribf]
"0.2.0-alpha" = "3bb6c4b3ea43379ebeb2f0b06af20c1a6d377a450cac0bac6674450989008622"

[osu]
"1.1.1-beta" = "928d4aee987a62b3f69db156e04ded92800002f87b9f9b27dbff5cca1a6a2e62"
"1.2.0-beta" = "26710280b84a9b22bbbba6984d5ebdcc074bdffe1a193af35d403d1e3163a9db"

[outer_wilds]
"0.2.4" = "92d6e4b6c273251db0721256179bb0e22a34363131a666ff364f5257febdd84b"
"0.2.5" = "598df063f32b7481502138c6a538d0bdab63c6698545ee15780b57bcc7479d27"
"0.3.6" = "fe4ddd06e41620ea22c478986f4b3e3b79d105543f89f0bde8267b7afae7a161"
"0.3.9" = "f4bfa8912de10ede9cdc9dcb7443a494b979785eeac4afa075bfcd092d1f9af7"

[papermario]
"0.4.1" = "199714d1623a161ff5b7b1b9c74e6ce682c599eef4861c01610b9a765accedb1"

[pokemon_crystal]
"2.1.0" = "1e150493b32dc622b1defd9c5a2b1592cf9f6c35386b9d1aaeba980c3010fc6d"
"2.1.1" = "707db847e5ea961b46ac3c622afffaecf6c6bd0b62b9e18feaf627c083c88fc8"
"2.1.2" = "c0faf235919e62fb3c252dd07e49800648d89eb3ea1882b6c2e3ae6d41cd4cbf"

[pokemon_frlg]
"0.7.2-beta" = "2953e9e3b5e591e359481f0297aced0ba5d23378290893388e76018fc03f10e8"
"0.7.3-beta" = "cd541ecb176c6a92e9f08e88e762815823b81715e09b9d1458838f72b2f1c41b"

[pseudoregalia]
"0.7.2" = "f4731e1a80fba6129f7c6db68775e839ce8207214422f00bac6505dea2e38dcb"

[psychonauts]
"0.7.0" = "4e4a129f54fd915f3aeb32ac37efb22b0d0500cb9789cdcbd318c84d68f72259"

[residentevil2remake]
"0.2.4" = "7e3cc287649eef688af1703a8bbf6a390053e7ff3118d74309ad679d6ef47dc1"

[reventure]
"0.14.2" = "aae5522162c0a24b90b3814ff7cc4055b5dc8f1873aaa97566d0201a6ae5ad02"

[sadx]
"0.8.7-b" = "b82df80c13c3a4ae450cfe82b70759695ec1939526b849f39ccf05af1e7993ff"

[sgtpuzzles]
"0.1.1-prealpha" = "7c71eceed46df04701c5cd8ef91fc0a6f2b81a839aa5bd7e6b6f20a10a090a05"

[shadow_the_hedgehog]
"0.0.8" = "a5d9ce0a8db01d7bd1d0e47f45c65e60c10ce96390de87fd1eba06fb506c96cd"

[shapez]
"0.5.3" = "57bf81347b63b3543fa2c86381f2d11130c649c657396c1a9c83291fd49e7e3e"

[sly1]
"0.1.5-alpha" = "c21b0c079845abe60b2e681f8d26b72c43ee1fcce58e0460e38b04aa38af433b"

[superjunkoid]
"0.0.3" = "5b7b76cefd5da5a917213d2c4eba21b95efbafcc11c85a23951c7849b80481b4"

[swr]
"0.6.2" = "48597160b3d9a6d55190f90edf07ccd501610fa4b294e83ffde2bfcf54157530"

[tboir]
"0.0.11" = "17c0be7f400b6842cd8843350930c362b6048ea6a7e41e32a939d250577677df"

[terraria]
"0.5.0+beta" = "9ac6d15f64fc1eee6b68cddcd58d465ae061b968b79e181ba4f1bb9b7e1ce20a"

[tje]
"0.1.4-a" = "756bcbc69a8ee1d484d852d71d1632cae08f6a7b84b4e784a272b3a0ba0e2c65"
"0.2.4-c" = "c2a78f136eeb650673f0093dc470761446e46f1ec096a310c7a2a9df362f2ee9"

[tloz_ooa]
"0.2.4+0.5.1-fixes" = "c2e4d58c121bde1ee84ece48746871cd073a5cced1e52b847adfc216286087a5"

[tloz_oos]
"7.2.1+0.5.1-fixes" = "878596b24c7f7b738acf8b55c3997bfd3af7b13bbd6692dae6ef5d80fe30fe6e"

[tunic]
"4.0.1" = "8660b3462bb575dd0172764bcd43ca4d26e451ef82fd4ce162f1186621b9df6b"

[tww]
"2.5.2" = "4370532316da72d39b2a2d71654b63298ec37edd28d934bf18eb2b68f69231e0"

[tyrian]
"0.80.2" = "2a1c9c9326bccfe04d4f92e58d6bfd3edee232afc249be1919bdb6adc1f659b6"

[ultrakill]
"2.2.2" = "274443b12c6377c9d431643c0e0440c979d5aac2f6ef00a0ef5ac1316710b1d6"

[wl]
"1.2.3" = "0927dbfb345fe222eb0ef9708bdd487e79468d7a0f7774df39234e1369761c28"
