[animal_well]
"0.4.2" = "ae06f227477604e6a356154bc8faeb453b4e60c7f17363c5590093db398acf2a"

[anodyne]
"0.1.5" = "96b352106225de10448a755a4213cece60a681386cf578e36f944ca69da51a00"

[astalon]
"0.17.0" = "b86e7d5e6ee58648b7b3e4cfc1931bb47af8d2e716da113dd23de96cc56bb949"

[aus]
"1.0.0-beta" = "b8ad181425b59fc83c4cd6525c3b860e2cb554ab45d4f3b887c78d20f686259e"

[banjo_tooie]
"2.1.4" = "4c140d40860f6d743419bb31b85c9ca9a47771a5331ab1153d72a8041e6c9384"

[bloonstd6]
"0.2.3" = "7ef893176c48c84dc3a958cab629d72add368b7f6538b1c6f8255911e02ec32e"

[brotato]
"0.3.0" = "697397d8e9c4a7eb5fe55a4214e28cdbd7836ffa90b034787ea99e59174877c5"

[cave_story]
"0.4.1" = "325bb747691d4d0266298c08746897051d210b79fde3dc4cbf00194b7daa936a"

[celeste]
"0.3.0" = "f02ee50d1bf9b44d710ceacf4d8659a960f9ad08262acd621f50847ffe765b78"

[checksmate]
"0.2.7" = "7fe71f791e8b455ecafe0646f4fda1bd3def2888e4459dc673fa1876db9e2e50"

[civ6]
"0.4.3" = "dd970344c0b30bc3cc1bf53ca38a5dfbab31ae93d090e754c12c829d29b1b8ce"

[crosscode]
"0.6.1" = "19e35fc1b9d5047dac695022bd60ea033be13638cdc5a9c5e70f8d14bc3393ac"

[ctjot]
"0.0.1" = "3ed87d43764eca4bdb342c8b1cb60717727f9184991a587761f45fbb685e74ac"

[cvcotm]
"0.4.0" = "e48c80eab05f4dcc360e5b5b15180afa75b24d2544874738e42ee8b0154fee38"

[dark_souls_3]
"3.0.0-beta.24" = "ef3aaf9c4c1a4dfc875c98ceadb75e727b633cd2d96e814e6b46beab5f48c522"

[diddy_kong_racing]
"0.3.0" = "1cb4baed6770cbce8ed156ac29045bc749fd39b58ba12370dd04d0c8b7594c5c"

[dome_keeper]
"0.7.1" = "ab9c0dabde596a64dc337ab5c2d91a543a852ec714a0dd79ea1c5e03abc22ff0"

[duke3d]
"0.0.5" = "43fc62d9c376b08c9aa88569d39fb0eb1e713bb902b00ea88b05259afe9b5e4c"

[earthbound]
"2.1.0" = "7315d5049c740e5c4072f6c4c8be1b149f2eaec34ecbf79267a7c0196a088e6d"

[enderlilies]
"0.7.0" = "fdb9508c98b5bca7abefa427c31569bcb4225116eddaa3c43eaeca0a1a4c602c"

[ffps]
"0.0.1" = "13dcfdb12168197308ff3c92f5bf1f0367577725d9296dc0b6de734c089820a9"

[ffta]
"0.6.0" = "82f20ec1a671e36c718f9d47134d9335d215d826794091235827c2dade7730a7"

[fm]
"2.1.1" = "7581be15a6281b23db79ff1a54db034c1ddb7e2568b1d3898756e98ee41e8cf6"

[fnafw]
"0.0.1" = "40dd1fc7e887ab377f0e8e0e6f148c7554a99e9a030e2623f1590dafb31cdedc"

[hades]
"0.12.3" = "255b298c736e048fb1e08f52b17ba1d09038f7939701ebe5ea5cef54d960aed7"

[inscryption]
"0.3.1" = "adacabc503961099b148f63611da0e910668581dce04c4ca3f2176f125b6c0da"

[into_the_breach]
"0.15.1" = "bf08a4f4e61327106d93280a54f420f087267e624dd5f5670163415764c859ef"

[ittle_dew_2]
"0.2.1+region-gates" = "a581bab68d122a6810dbb7e77901055fccc2b1850326f4af9d39f96ea2dc49fb"

[jakanddaxter]
"0.2.0" = "f1d0133d6aeb89dbf54cfe52e6b8eb18b08ec26fda252e7c0ad63f5549c51d3c"

[kh1]
"2.3.1" = "dc2775e09d685fea39e0a5e9d4dbc8845a82154a35fb038481efd232f40f613b"

[khbbs]
"0.1.2" = "c19373a261df66cb4e304070a56450dfe1d6c4f74b5dc3f27cf12c9967b73d83"

[khcom]
"1.0.0" = "c9631cccbb526b9db335e308b1275f1ccea24a88e883ccf948d99396643f6c7f"

[khrecom]
"1.4.1" = "de91d41d73f3123c3fe8f06b8dc28953f31caf721c2b8d606eb90f3350aa540b"

[lethal_company]
"0.6.9-beta" = "91aa53279b56ea25eb0d1d967075811e473d411931ba31ccecdcd4a7d2ae44b3"

[lil_gator_game]
"1.0.1" = "6e1250a5915ac1f8a0530e0adcd5d44e8c8dd7fef307ef4db06dd25e3426fb3b"

[manual_EuroTruckSim2_bdi]
"0.0.3" = "bdb473c957f79a5f2b9991e323057f0f2b49348677e4908844c207224fb0fc74"

[manual_PLA_miro]
"1.1.1" = "3e97b67a0a0111b7fc445e7fbe3b193038ef1c7562451e2010a447ce75852abd"

[manual_crashteamracingnitrofueled_hallstead]
"4.1.0" = "ccd30e9769e6aeb632c61227dbcc0642ebf2215ca39ac52d55638a4d65f76671"

[manual_diddykongracing_decoytroy]
"0.0.1" = "a1ae9a26d2fadd6bc8d94f7e25f60fe9679e969b12025260082f1b32e9a107fd"

[manual_eurotrucksim2dlc_dopin]
"0.0.1" = "f9b65b988980a2930e01f256e247b31e3e89b1c3d803c9f7d6d32e5fdc66fd25"

[manual_peggledeluxe_freezinater]
"0.0.8" = "5ac77c6f3515bc94ac0199c84af80d51ee70b49b927ccf68fd3bf62ef6aa8f43"

[manual_pizzatower_steph]
"0.0.4" = "31deb36c5276045127a0b8b693b57c86088f86216d2f77555a1379fa4747f2d8"

[manual_pokemonsnap_alirobotnik]
"1.3.1" = "a04ac31c69c100ad2b3bbae30b29ddd8ea5f70535f908ce869c16c3becb809e1"

[manual_powerwashsimulator_hallojasper]
"0.0.5" = "020cda833895152e3f9495385fbdb1b8f0bb57d41776c06f86410df4a1e2a921"

[manual_rhythmdoctor_crimsondestroyer]
"0.0.1" = "e318b20cf34dc653d6c11e900bf036e3e2c5f2e11c41957dd0737861b6cfbf60"

[manual_smo_mp3]
"2.2.2" = "24d2c618fbc3df609f696c137f4db2af399072e2aa24e6952e36d0c81a1982a9"

[manual_stray_arnold0]
"0.0.2" = "6823973610228f7245705e9cf00cab5d479cd8b00924af429d88ace0faad8a69"

[manual_xchallengemegamanxlegacycollections_pizzaking405]
"0.0.1" = "ffa87ecf9d6da926945b230d3973ab1dd376f47ab365d884ed03885cd99d8d28"

[megamix]
"1.0.6-beta" = "594aa395d6cce3f83d641b5c1346de3c56fa88a8efc8000398f3a1ad1ac80081"

[metroidprime]
"0.3.3" = "5916bdcd877af808cbd205a190388fb4e7632cb23236db160375e3112314f05c"

[minit]
"0.6.4" = "ab182f0f1ed91356368f03792090f8face00161a80f41cf337a0a817ce0dfe63"

[mmx]
"1.4.0" = "c431b44732d38c9f713a0aa7f6e5bed9369ea5e1ac16e58e70b277e0b9d5f986"

[mmx3]
"1.2.1" = "03970084642bdbfa8348768ea9c84aa1fa36e863282a4b557067503bd898f49e"

[mzm]
"0.1.2" = "9bd2e017ecab52d373196161033be8287c58af9ffef9520c9c7ffabb22d703cb"

[openrct2]
"0.1.13-beta" = "aafba6482130787396ee01a5ebe8ac44508953514e69ffdb2ca41d9a14c6fdee"

[osrs]
"1.5.0-rc" = "c2443df1d6ebd42da193561f1f6ba0120d798bdc99c6bb0587604a92ec2efd40"

[osu]
"1.0.2-beta+faststartup" = "17ce4e50c4e5643a18ee7afeef94343bddf4e8f8000d95f02864c97361e03008"

[outer_wilds]
"0.2.4" = "92d6e4b6c273251db0721256179bb0e22a34363131a666ff364f5257febdd84b"
"0.2.5" = "598df063f32b7481502138c6a538d0bdab63c6698545ee15780b57bcc7479d27"

[papermario]
"0.4.0" = "c7e68f6adff176cde3e22becee658734cc94453d8942db9a24a8832e2eccc461"

[pokemon_crystal]
"2.1.0" = "1e150493b32dc622b1defd9c5a2b1592cf9f6c35386b9d1aaeba980c3010fc6d"
"2.1.1" = "707db847e5ea961b46ac3c622afffaecf6c6bd0b62b9e18feaf627c083c88fc8"
"2.1.2" = "c0faf235919e62fb3c252dd07e49800648d89eb3ea1882b6c2e3ae6d41cd4cbf"

[pokemon_frlg]
"0.7.2-beta" = "2953e9e3b5e591e359481f0297aced0ba5d23378290893388e76018fc03f10e8"

[pseudoregalia]
"0.7.2" = "f4731e1a80fba6129f7c6db68775e839ce8207214422f00bac6505dea2e38dcb"

[psychonauts]
"0.7.0" = "4e4a129f54fd915f3aeb32ac37efb22b0d0500cb9789cdcbd318c84d68f72259"

[residentevil2remake]
"0.2.3" = "34ba13570c84f6971b128812c6ec01e0f2354a06ec3be5970abfd66a86695f5e"

[reventure]
"0.14.2" = "aae5522162c0a24b90b3814ff7cc4055b5dc8f1873aaa97566d0201a6ae5ad02"

[sadx]
"0.8.7-b" = "b82df80c13c3a4ae450cfe82b70759695ec1939526b849f39ccf05af1e7993ff"

[shapez]
"0.5.3" = "57bf81347b63b3543fa2c86381f2d11130c649c657396c1a9c83291fd49e7e3e"

[sly1]
"0.1.5-alpha" = "c21b0c079845abe60b2e681f8d26b72c43ee1fcce58e0460e38b04aa38af433b"

[stardew_valley]
"6.4.5" = "43e6582657d1510aca741386734519af241e46759f0c80df5bd74d7c41652bc3"

[superjunkoid]
"0.0.1" = "6c0cda1435a3ab24b282cedccfa57b6b9ea25c79684afdaf90cfd1c4ccb6919a"

[swr]
"0.6.2" = "48597160b3d9a6d55190f90edf07ccd501610fa4b294e83ffde2bfcf54157530"

[tboir]
"0.0.11" = "17c0be7f400b6842cd8843350930c362b6048ea6a7e41e32a939d250577677df"

[terraria]
"0.5.0+beta" = "9ac6d15f64fc1eee6b68cddcd58d465ae061b968b79e181ba4f1bb9b7e1ce20a"

[tje]
"0.1.4-a" = "756bcbc69a8ee1d484d852d71d1632cae08f6a7b84b4e784a272b3a0ba0e2c65"

[tloz_ooa]
"0.2.4" = "0468690a5e5b91906463c09ee1719976417eece1a034f057866bee65150a9d90"

[tloz_oos]
"7.2.1" = "5751c9c0fbc59b3b836982dde65a4a9a4355fc20fcf797bd8d659fa00963bb17"

[tunic]
"4.0.1" = "8660b3462bb575dd0172764bcd43ca4d26e451ef82fd4ce162f1186621b9df6b"

[tww]
"2.5.2" = "4370532316da72d39b2a2d71654b63298ec37edd28d934bf18eb2b68f69231e0"

[tyrian]
"0.80.2" = "2a1c9c9326bccfe04d4f92e58d6bfd3edee232afc249be1919bdb6adc1f659b6"

[ultrakill]
"2.2.2" = "274443b12c6377c9d431643c0e0440c979d5aac2f6ef00a0ef5ac1316710b1d6"

[witness]
"0.5.1-beta17" = "1d0a9006911d3dfd3bc7361cc6c175ead4ac9683ff54801bf561badba2da0ec0"

[wl]
"1.2.3" = "0927dbfb345fe222eb0ef9708bdd487e79468d7a0f7774df39234e1369761c28"

[yachtdice]
"2.1.2" = "14b31b04d2ef022464c20603856975f25e4261ff14aa66e620dd7b051cbbca10"
